{
  "version": 4,
  "terraform_version": "1.7.4",
  "serial": 14,
  "lineage": "34730f8b-a25e-f630-f75a-c1473620429d",
  "outputs": {},
  "resources": [
    {
      "mode": "data",
      "type": "azurerm_subnet",
      "name": "sub",
      "provider": "provider[\"registry.terraform.io/hashicorp/azurerm\"]",
      "instances": [
        {
          "schema_version": 0,
          "attributes": {
            "address_prefix": "10.0.2.0/24",
            "address_prefixes": [
              "10.0.2.0/24"
            ],
            "enforce_private_link_endpoint_network_policies": true,
            "enforce_private_link_service_network_policies": false,
            "id": "/subscriptions/c8ce32e7-c3c3-4799-9013-27a08261195d/resourceGroups/aks12/providers/Microsoft.Network/virtualNetworks/testVirtualNetwork1/subnets/frontend",
            "name": "frontend",
            "network_security_group_id": "",
            "private_endpoint_network_policies": "Disabled",
            "private_endpoint_network_policies_enabled": false,
            "private_link_service_network_policies_enabled": true,
            "resource_group_name": "aks12",
            "route_table_id": "",
            "service_endpoints": [],
            "timeouts": null,
            "virtual_network_name": "testVirtualNetwork1"
          },
          "sensitive_attributes": []
        }
      ]
    },
    {
      "mode": "managed",
      "type": "azurerm_lb",
      "name": "frontlb",
      "provider": "provider[\"registry.terraform.io/hashicorp/azurerm\"]",
      "instances": [
        {
          "schema_version": 0,
          "attributes": {
            "edge_zone": "",
            "frontend_ip_configuration": [
              {
                "gateway_load_balancer_frontend_ip_configuration_id": "",
                "id": "/subscriptions/c8ce32e7-c3c3-4799-9013-27a08261195d/resourceGroups/aks12/providers/Microsoft.Network/loadBalancers/frontendlb/frontendIPConfigurations/PublicIPAddress",
                "inbound_nat_rules": [],
                "load_balancer_rules": [
                  "/subscriptions/c8ce32e7-c3c3-4799-9013-27a08261195d/resourceGroups/aks12/providers/Microsoft.Network/loadBalancers/frontendlb/loadBalancingRules/LBRule27"
                ],
                "name": "PublicIPAddress",
                "outbound_rules": [],
                "private_ip_address": "",
                "private_ip_address_allocation": "Dynamic",
                "private_ip_address_version": "",
                "public_ip_address_id": "/subscriptions/c8ce32e7-c3c3-4799-9013-27a08261195d/resourceGroups/aks12/providers/Microsoft.Network/publicIPAddresses/PublicIPForLB",
                "public_ip_prefix_id": "",
                "subnet_id": "",
                "zones": []
              }
            ],
            "id": "/subscriptions/c8ce32e7-c3c3-4799-9013-27a08261195d/resourceGroups/aks12/providers/Microsoft.Network/loadBalancers/frontendlb",
            "location": "westeurope",
            "name": "frontendlb",
            "private_ip_address": "",
            "private_ip_addresses": [],
            "resource_group_name": "aks12",
            "sku": "Basic",
            "sku_tier": "Regional",
            "tags": {},
            "timeouts": null
          },
          "sensitive_attributes": [],
          "private": "eyJlMmJmYjczMC1lY2FhLTExZTYtOGY4OC0zNDM2M2JjN2M0YzAiOnsiY3JlYXRlIjoxODAwMDAwMDAwMDAwLCJkZWxldGUiOjE4MDAwMDAwMDAwMDAsInJlYWQiOjMwMDAwMDAwMDAwMCwidXBkYXRlIjoxODAwMDAwMDAwMDAwfX0=",
          "dependencies": [
            "azurerm_public_ip.pip",
            "azurerm_resource_group.res"
          ]
        }
      ]
    },
    {
      "mode": "managed",
      "type": "azurerm_lb_backend_address_pool",
      "name": "backendpool",
      "provider": "provider[\"registry.terraform.io/hashicorp/azurerm\"]",
      "instances": [
        {
          "schema_version": 0,
          "attributes": {
            "backend_ip_configurations": [],
            "id": "/subscriptions/c8ce32e7-c3c3-4799-9013-27a08261195d/resourceGroups/aks12/providers/Microsoft.Network/loadBalancers/frontendlb/backendAddressPools/BackEndAddressPool",
            "inbound_nat_rules": [],
            "load_balancing_rules": [
              "/subscriptions/c8ce32e7-c3c3-4799-9013-27a08261195d/resourceGroups/aks12/providers/Microsoft.Network/loadBalancers/frontendlb/loadBalancingRules/LBRule27"
            ],
            "loadbalancer_id": "/subscriptions/c8ce32e7-c3c3-4799-9013-27a08261195d/resourceGroups/aks12/providers/Microsoft.Network/loadBalancers/frontendlb",
            "name": "BackEndAddressPool",
            "outbound_rules": [],
            "timeouts": null,
            "tunnel_interface": [],
            "virtual_network_id": ""
          },
          "sensitive_attributes": [],
          "private": "eyJlMmJmYjczMC1lY2FhLTExZTYtOGY4OC0zNDM2M2JjN2M0YzAiOnsiY3JlYXRlIjoxODAwMDAwMDAwMDAwLCJkZWxldGUiOjE4MDAwMDAwMDAwMDAsInJlYWQiOjMwMDAwMDAwMDAwMCwidXBkYXRlIjoxODAwMDAwMDAwMDAwfX0=",
          "dependencies": [
            "azurerm_lb.frontlb",
            "azurerm_public_ip.pip",
            "azurerm_resource_group.res"
          ]
        }
      ]
    },
    {
      "mode": "managed",
      "type": "azurerm_lb_probe",
      "name": "ibprobe",
      "provider": "provider[\"registry.terraform.io/hashicorp/azurerm\"]",
      "instances": [
        {
          "schema_version": 0,
          "attributes": {
            "id": "/subscriptions/c8ce32e7-c3c3-4799-9013-27a08261195d/resourceGroups/aks12/providers/Microsoft.Network/loadBalancers/frontendlb/probes/frontendlb",
            "interval_in_seconds": 15,
            "load_balancer_rules": [
              "/subscriptions/c8ce32e7-c3c3-4799-9013-27a08261195d/resourceGroups/aks12/providers/Microsoft.Network/loadBalancers/frontendlb/loadBalancingRules/LBRule27"
            ],
            "loadbalancer_id": "/subscriptions/c8ce32e7-c3c3-4799-9013-27a08261195d/resourceGroups/aks12/providers/Microsoft.Network/loadBalancers/frontendlb",
            "name": "frontendlb",
            "number_of_probes": 2,
            "port": 80,
            "probe_threshold": 1,
            "protocol": "Tcp",
            "request_path": "",
            "timeouts": null
          },
          "sensitive_attributes": [],
          "private": "eyJlMmJmYjczMC1lY2FhLTExZTYtOGY4OC0zNDM2M2JjN2M0YzAiOnsiY3JlYXRlIjoxODAwMDAwMDAwMDAwLCJkZWxldGUiOjE4MDAwMDAwMDAwMDAsInJlYWQiOjMwMDAwMDAwMDAwMCwidXBkYXRlIjoxODAwMDAwMDAwMDAwfX0=",
          "dependencies": [
            "azurerm_lb.frontlb",
            "azurerm_public_ip.pip",
            "azurerm_resource_group.res"
          ]
        }
      ]
    },
    {
      "mode": "managed",
      "type": "azurerm_lb_rule",
      "name": "lbrule",
      "provider": "provider[\"registry.terraform.io/hashicorp/azurerm\"]",
      "instances": [
        {
          "schema_version": 0,
          "attributes": {
            "backend_address_pool_ids": [
              "/subscriptions/c8ce32e7-c3c3-4799-9013-27a08261195d/resourceGroups/aks12/providers/Microsoft.Network/loadBalancers/frontendlb/backendAddressPools/BackEndAddressPool"
            ],
            "backend_port": 80,
            "disable_outbound_snat": false,
            "enable_floating_ip": false,
            "enable_tcp_reset": false,
            "frontend_ip_configuration_id": "/subscriptions/c8ce32e7-c3c3-4799-9013-27a08261195d/resourceGroups/aks12/providers/Microsoft.Network/loadBalancers/frontendlb/frontendIPConfigurations/PublicIPAddress",
            "frontend_ip_configuration_name": "PublicIPAddress",
            "frontend_port": 80,
            "id": "/subscriptions/c8ce32e7-c3c3-4799-9013-27a08261195d/resourceGroups/aks12/providers/Microsoft.Network/loadBalancers/frontendlb/loadBalancingRules/LBRule27",
            "idle_timeout_in_minutes": 4,
            "load_distribution": "Default",
            "loadbalancer_id": "/subscriptions/c8ce32e7-c3c3-4799-9013-27a08261195d/resourceGroups/aks12/providers/Microsoft.Network/loadBalancers/frontendlb",
            "name": "LBRule27",
            "probe_id": "/subscriptions/c8ce32e7-c3c3-4799-9013-27a08261195d/resourceGroups/aks12/providers/Microsoft.Network/loadBalancers/frontendlb/probes/frontendlb",
            "protocol": "Tcp",
            "timeouts": null
          },
          "sensitive_attributes": [],
          "private": "eyJlMmJmYjczMC1lY2FhLTExZTYtOGY4OC0zNDM2M2JjN2M0YzAiOnsiY3JlYXRlIjoxODAwMDAwMDAwMDAwLCJkZWxldGUiOjE4MDAwMDAwMDAwMDAsInJlYWQiOjMwMDAwMDAwMDAwMCwidXBkYXRlIjoxODAwMDAwMDAwMDAwfX0=",
          "dependencies": [
            "azurerm_lb.frontlb",
            "azurerm_lb_backend_address_pool.backendpool",
            "azurerm_lb_probe.ibprobe",
            "azurerm_public_ip.pip",
            "azurerm_resource_group.res"
          ]
        }
      ]
    },
    {
      "mode": "managed",
      "type": "azurerm_public_ip",
      "name": "pip",
      "provider": "provider[\"registry.terraform.io/hashicorp/azurerm\"]",
      "instances": [
        {
          "schema_version": 0,
          "attributes": {
            "allocation_method": "Static",
            "ddos_protection_mode": "VirtualNetworkInherited",
            "ddos_protection_plan_id": null,
            "domain_name_label": null,
            "edge_zone": "",
            "fqdn": null,
            "id": "/subscriptions/c8ce32e7-c3c3-4799-9013-27a08261195d/resourceGroups/aks12/providers/Microsoft.Network/publicIPAddresses/PublicIPForLB",
            "idle_timeout_in_minutes": 4,
            "ip_address": "40.114.220.104",
            "ip_tags": {},
            "ip_version": "IPv4",
            "location": "westeurope",
            "name": "PublicIPForLB",
            "public_ip_prefix_id": null,
            "resource_group_name": "aks12",
            "reverse_fqdn": null,
            "sku": "Basic",
            "sku_tier": "Regional",
            "tags": {},
            "timeouts": null,
            "zones": []
          },
          "sensitive_attributes": [],
          "private": "eyJlMmJmYjczMC1lY2FhLTExZTYtOGY4OC0zNDM2M2JjN2M0YzAiOnsiY3JlYXRlIjoxODAwMDAwMDAwMDAwLCJkZWxldGUiOjE4MDAwMDAwMDAwMDAsInJlYWQiOjMwMDAwMDAwMDAwMCwidXBkYXRlIjoxODAwMDAwMDAwMDAwfX0=",
          "dependencies": [
            "azurerm_resource_group.res"
          ]
        }
      ]
    },
    {
      "mode": "managed",
      "type": "azurerm_resource_group",
      "name": "res",
      "provider": "provider[\"registry.terraform.io/hashicorp/azurerm\"]",
      "instances": [
        {
          "schema_version": 0,
          "attributes": {
            "id": "/subscriptions/c8ce32e7-c3c3-4799-9013-27a08261195d/resourceGroups/aks12",
            "location": "westeurope",
            "managed_by": "",
            "name": "aks12",
            "tags": {},
            "timeouts": null
          },
          "sensitive_attributes": [],
          "private": "eyJlMmJmYjczMC1lY2FhLTExZTYtOGY4OC0zNDM2M2JjN2M0YzAiOnsiY3JlYXRlIjo1NDAwMDAwMDAwMDAwLCJkZWxldGUiOjU0MDAwMDAwMDAwMDAsInJlYWQiOjMwMDAwMDAwMDAwMCwidXBkYXRlIjo1NDAwMDAwMDAwMDAwfX0="
        }
      ]
    },
    {
      "mode": "managed",
      "type": "azurerm_virtual_network",
      "name": "vnet",
      "provider": "provider[\"registry.terraform.io/hashicorp/azurerm\"]",
      "instances": [
        {
          "schema_version": 0,
          "attributes": {
            "address_space": [
              "10.0.0.0/16"
            ],
            "bgp_community": "",
            "ddos_protection_plan": [],
            "dns_servers": [],
            "edge_zone": "",
            "encryption": [],
            "flow_timeout_in_minutes": 0,
            "guid": "db69388d-4240-4663-b8d4-9af325dfc244",
            "id": "/subscriptions/c8ce32e7-c3c3-4799-9013-27a08261195d/resourceGroups/aks12/providers/Microsoft.Network/virtualNetworks/testVirtualNetwork1",
            "location": "westeurope",
            "name": "testVirtualNetwork1",
            "resource_group_name": "aks12",
            "subnet": [
              {
                "address_prefix": "10.0.2.0/24",
                "id": "/subscriptions/c8ce32e7-c3c3-4799-9013-27a08261195d/resourceGroups/aks12/providers/Microsoft.Network/virtualNetworks/testVirtualNetwork1/subnets/frontend",
                "name": "frontend",
                "security_group": ""
              }
            ],
            "tags": {},
            "timeouts": null
          },
          "sensitive_attributes": [],
          "private": "eyJlMmJmYjczMC1lY2FhLTExZTYtOGY4OC0zNDM2M2JjN2M0YzAiOnsiY3JlYXRlIjoxODAwMDAwMDAwMDAwLCJkZWxldGUiOjE4MDAwMDAwMDAwMDAsInJlYWQiOjMwMDAwMDAwMDAwMCwidXBkYXRlIjoxODAwMDAwMDAwMDAwfX0=",
          "dependencies": [
            "azurerm_resource_group.res"
          ]
        }
      ]
    }
  ],
  "check_results": null
}
